// !$*UTF8*$!
{
	archiveVersion = 1;
	classes = {
	};
	objectVersion = 46;
	objects = {

/* Begin PBXBuildFile section */
		DE28CDBD1EB6408500146BB6 /* ChapterViewController.swift in Sources */ = {isa = PBXBuildFile; fileRef = DE28CDBC1EB6408500146BB6 /* ChapterViewController.swift */; };
		DEACF1A71EB5DC4B00A443FA /* AppDelegate.swift in Sources */ = {isa = PBXBuildFile; fileRef = DEACF1A61EB5DC4B00A443FA /* AppDelegate.swift */; };
		DEACF1AC1EB5DC4B00A443FA /* Main.storyboard in Resources */ = {isa = PBXBuildFile; fileRef = DEACF1AA1EB5DC4B00A443FA /* Main.storyboard */; };
		DEACF1AE1EB5DC4B00A443FA /* Assets.xcassets in Resources */ = {isa = PBXBuildFile; fileRef = DEACF1AD1EB5DC4B00A443FA /* Assets.xcassets */; };
		DEACF1B11EB5DC4B00A443FA /* LaunchScreen.storyboard in Resources */ = {isa = PBXBuildFile; fileRef = DEACF1AF1EB5DC4B00A443FA /* LaunchScreen.storyboard */; };
		DEACF1B91EB5DE9200A443FA /* RulesTableViewController.swift in Sources */ = {isa = PBXBuildFile; fileRef = DEACF1B81EB5DE9200A443FA /* RulesTableViewController.swift */; };
		DEACF1BB1EB5DEBC00A443FA /* TestTableViewController.swift in Sources */ = {isa = PBXBuildFile; fileRef = DEACF1BA1EB5DEBC00A443FA /* TestTableViewController.swift */; };
		DEACF1BD1EB5DEF800A443FA /* SettingsViewController.swift in Sources */ = {isa = PBXBuildFile; fileRef = DEACF1BC1EB5DEF800A443FA /* SettingsViewController.swift */; };
		DEACF1BF1EB5DF3A00A443FA /* pddRules.plist in Resources */ = {isa = PBXBuildFile; fileRef = DEACF1BE1EB5DF3A00A443FA /* pddRules.plist */; };
		DEACF1C11EB5DF8E00A443FA /* RulesChaptersTableViewCell.swift in Sources */ = {isa = PBXBuildFile; fileRef = DEACF1C01EB5DF8E00A443FA /* RulesChaptersTableViewCell.swift */; };
/* End PBXBuildFile section */

/* Begin PBXFileReference section */
		DE28CDBC1EB6408500146BB6 /* ChapterViewController.swift */ = {isa = PBXFileReference; fileEncoding = 4; lastKnownFileType = sourcecode.swift; path = ChapterViewController.swift; sourceTree = "<group>"; };
		DEACF1A31EB5DC4B00A443FA /* pddNew.app */ = {isa = PBXFileReference; explicitFileType = wrapper.application; includeInIndex = 0; path = pddNew.app; sourceTree = BUILT_PRODUCTS_DIR; };
		DEACF1A61EB5DC4B00A443FA /* AppDelegate.swift */ = {isa = PBXFileReference; lastKnownFileType = sourcecode.swift; path = AppDelegate.swift; sourceTree = "<group>"; };
		DEACF1AB1EB5DC4B00A443FA /* Base */ = {isa = PBXFileReference; lastKnownFileType = file.storyboard; name = Base; path = Base.lproj/Main.storyboard; sourceTree = "<group>"; };
		DEACF1AD1EB5DC4B00A443FA /* Assets.xcassets */ = {isa = PBXFileReference; lastKnownFileType = folder.assetcatalog; path = Assets.xcassets; sourceTree = "<group>"; };
		DEACF1B01EB5DC4B00A443FA /* Base */ = {isa = PBXFileReference; lastKnownFileType = file.storyboard; name = Base; path = Base.lproj/LaunchScreen.storyboard; sourceTree = "<group>"; };
		DEACF1B21EB5DC4B00A443FA /* Info.plist */ = {isa = PBXFileReference; lastKnownFileType = text.plist.xml; path = Info.plist; sourceTree = "<group>"; };
		DEACF1B81EB5DE9200A443FA /* RulesTableViewController.swift */ = {isa = PBXFileReference; fileEncoding = 4; lastKnownFileType = sourcecode.swift; path = RulesTableViewController.swift; sourceTree = "<group>"; };
		DEACF1BA1EB5DEBC00A443FA /* TestTableViewController.swift */ = {isa = PBXFileReference; fileEncoding = 4; lastKnownFileType = sourcecode.swift; path = TestTableViewController.swift; sourceTree = "<group>"; };
		DEACF1BC1EB5DEF800A443FA /* SettingsViewController.swift */ = {isa = PBXFileReference; fileEncoding = 4; lastKnownFileType = sourcecode.swift; path = SettingsViewController.swift; sourceTree = "<group>"; };
		DEACF1BE1EB5DF3A00A443FA /* pddRules.plist */ = {isa = PBXFileReference; fileEncoding = 4; lastKnownFileType = text.plist.xml; path = pddRules.plist; sourceTree = "<group>"; };
		DEACF1C01EB5DF8E00A443FA /* RulesChaptersTableViewCell.swift */ = {isa = PBXFileReference; fileEncoding = 4; lastKnownFileType = sourcecode.swift; path = RulesChaptersTableViewCell.swift; sourceTree = "<group>"; };
/* End PBXFileReference section */

/* Begin PBXFrameworksBuildPhase section */
		DEACF1A01EB5DC4B00A443FA /* Frameworks */ = {
			isa = PBXFrameworksBuildPhase;
			buildActionMask = 2147483647;
			files = (
			);
			runOnlyForDeploymentPostprocessing = 0;
		};
/* End PBXFrameworksBuildPhase section */

/* Begin PBXGroup section */
		DEACF19A1EB5DC4B00A443FA = {
			isa = PBXGroup;
			children = (
				DEACF1A51EB5DC4B00A443FA /* pddNew */,
				DEACF1A41EB5DC4B00A443FA /* Products */,
			);
			sourceTree = "<group>";
		};
		DEACF1A41EB5DC4B00A443FA /* Products */ = {
			isa = PBXGroup;
			children = (
				DEACF1A31EB5DC4B00A443FA /* pddNew.app */,
			);
			name = Products;
			sourceTree = "<group>";
		};
		DEACF1A51EB5DC4B00A443FA /* pddNew */ = {
			isa = PBXGroup;
			children = (
				DEACF1A61EB5DC4B00A443FA /* AppDelegate.swift */,
				DEACF1AA1EB5DC4B00A443FA /* Main.storyboard */,
				DE28CDBC1EB6408500146BB6 /* ChapterViewController.swift */,
				DEACF1B81EB5DE9200A443FA /* RulesTableViewController.swift */,
				DEACF1C01EB5DF8E00A443FA /* RulesChaptersTableViewCell.swift */,
				DEACF1BA1EB5DEBC00A443FA /* TestTableViewController.swift */,
				DEACF1BC1EB5DEF800A443FA /* SettingsViewController.swift */,
				DEACF1AD1EB5DC4B00A443FA /* Assets.xcassets */,
				DEACF1AF1EB5DC4B00A443FA /* LaunchScreen.storyboard */,
				DEACF1B21EB5DC4B00A443FA /* Info.plist */,
				DEACF1BE1EB5DF3A00A443FA /* pddRules.plist */,
			);
			path = pddNew;
			sourceTree = "<group>";
		};
/* End PBXGroup section */

/* Begin PBXNativeTarget section */
		DEACF1A21EB5DC4B00A443FA /* pddNew */ = {
			isa = PBXNativeTarget;
			buildConfigurationList = DEACF1B51EB5DC4B00A443FA /* Build configuration list for PBXNativeTarget "pddNew" */;
			buildPhases = (
				DEACF19F1EB5DC4B00A443FA /* Sources */,
				DEACF1A01EB5DC4B00A443FA /* Frameworks */,
				DEACF1A11EB5DC4B00A443FA /* Resources */,
			);
			buildRules = (
			);
			dependencies = (
			);
			name = pddNew;
			productName = pddNew;
			productReference = DEACF1A31EB5DC4B00A443FA /* pddNew.app */;
			productType = "com.apple.product-type.application";
		};
/* End PBXNativeTarget section */

/* Begin PBXProject section */
		DEACF19B1EB5DC4B00A443FA /* Project object */ = {
			isa = PBXProject;
			attributes = {
				LastSwiftUpdateCheck = 0830;
				LastUpgradeCheck = 0830;
				ORGANIZATIONNAME = Yumster;
				TargetAttributes = {
					DEACF1A21EB5DC4B00A443FA = {
						CreatedOnToolsVersion = 8.3.2;
						DevelopmentTeam = AVPMPLZ7TS;
						ProvisioningStyle = Automatic;
					};
				};
			};
			buildConfigurationList = DEACF19E1EB5DC4B00A443FA /* Build configuration list for PBXProject "pddNew" */;
			compatibilityVersion = "Xcode 3.2";
			developmentRegion = English;
			hasScannedForEncodings = 0;
			knownRegions = (
				en,
				Base,
			);
			mainGroup = DEACF19A1EB5DC4B00A443FA;
			productRefGroup = DEACF1A41EB5DC4B00A443FA /* Products */;
			projectDirPath = "";
			projectRoot = "";
			targets = (
				DEACF1A21EB5DC4B00A443FA /* pddNew */,
			);
		};
/* End PBXProject section */

/* Begin PBXResourcesBuildPhase section */
		DEACF1A11EB5DC4B00A443FA /* Resources */ = {
			isa = PBXResourcesBuildPhase;
			buildActionMask = 2147483647;
			files = (
				DEACF1B11EB5DC4B00A443FA /* LaunchScreen.storyboard in Resources */,
				DEACF1AE1EB5DC4B00A443FA /* Assets.xcassets in Resources */,
				DEACF1AC1EB5DC4B00A443FA /* Main.storyboard in Resources */,
				DEACF1BF1EB5DF3A00A443FA /* pddRules.plist in Resources */,
			);
			runOnlyForDeploymentPostprocessing = 0;
		};
/* End PBXResourcesBuildPhase section */

/* Begin PBXSourcesBuildPhase section */
		DEACF19F1EB5DC4B00A443FA /* Sources */ = {
			isa = PBXSourcesBuildPhase;
			buildActionMask = 2147483647;
			files = (
				DEACF1A71EB5DC4B00A443FA /* AppDelegate.swift in Sources */,
				DEACF1C11EB5DF8E00A443FA /* RulesChaptersTableViewCell.swift in Sources */,
				DE28CDBD1EB6408500146BB6 /* ChapterViewController.swift in Sources */,
				DEACF1B91EB5DE9200A443FA /* RulesTableViewController.swift in Sources */,
				DEACF1BB1EB5DEBC00A443FA /* TestTableViewController.swift in Sources */,
				DEACF1BD1EB5DEF800A443FA /* SettingsViewController.swift in Sources */,
			);
			runOnlyForDeploymentPostprocessing = 0;
		};
/* End PBXSourcesBuildPhase section */

/* Begin PBXVariantGroup section */
		DEACF1AA1EB5DC4B00A443FA /* Main.storyboard */ = {
			isa = PBXVariantGroup;
			children = (
				DEACF1AB1EB5DC4B00A443FA /* Base */,
			);
			name = Main.storyboard;
			sourceTree = "<group>";
		};
		DEACF1AF1EB5DC4B00A443FA /* LaunchScreen.storyboard */ = {
			isa = PBXVariantGroup;
			children = (
				DEACF1B01EB5DC4B00A443FA /* Base */,
			);
			name = LaunchScreen.storyboard;
			sourceTree = "<group>";
		};
/* End PBXVariantGroup section */

/* Begin XCBuildConfiguration section */
		DEACF1B31EB5DC4B00A443FA /* Debug */ = {
			isa = XCBuildConfiguration;
			buildSettings = {
				ALWAYS_SEARCH_USER_PATHS = NO;
				CLANG_ANALYZER_NONNULL = YES;
				CLANG_ANALYZER_NUMBER_OBJECT_CONVERSION = YES_AGGRESSIVE;
				CLANG_CXX_LANGUAGE_STANDARD = "gnu++0x";
				CLANG_CXX_LIBRARY = "libc++";
				CLANG_ENABLE_MODULES = YES;
				CLANG_ENABLE_OBJC_ARC = YES;
				CLANG_WARN_BOOL_CONVERSION = YES;
				CLANG_WARN_CONSTANT_CONVERSION = YES;
				CLANG_WARN_DIRECT_OBJC_ISA_USAGE = YES_ERROR;
				CLANG_WARN_DOCUMENTATION_COMMENTS = YES;
				CLANG_WARN_EMPTY_BODY = YES;
				CLANG_WARN_ENUM_CONVERSION = YES;
				CLANG_WARN_INFINITE_RECURSION = YES;
				CLANG_WARN_INT_CONVERSION = YES;
				CLANG_WARN_OBJC_ROOT_CLASS = YES_ERROR;
				CLANG_WARN_SUSPICIOUS_MOVE = YES;
				CLANG_WARN_UNREACHABLE_CODE = YES;
				CLANG_WARN__DUPLICATE_METHOD_MATCH = YES;
				"CODE_SIGN_IDENTITY[sdk=iphoneos*]" = "iPhone Developer";
				COPY_PHASE_STRIP = NO;
				DEBUG_INFORMATION_FORMAT = dwarf;
				ENABLE_STRICT_OBJC_MSGSEND = YES;
				ENABLE_TESTABILITY = YES;
				GCC_C_LANGUAGE_STANDARD = gnu99;
				GCC_DYNAMIC_NO_PIC = NO;
				GCC_NO_COMMON_BLOCKS = YES;
				GCC_OPTIMIZATION_LEVEL = 0;
				GCC_PREPROCESSOR_DEFINITIONS = (
					"DEBUG=1",
					"$(inherited)",
				);
				GCC_WARN_64_TO_32_BIT_CONVERSION = YES;
				GCC_WARN_ABOUT_RETURN_TYPE = YES_ERROR;
				GCC_WARN_UNDECLARED_SELECTOR = YES;
				GCC_WARN_UNINITIALIZED_AUTOS = YES_AGGRESSIVE;
				GCC_WARN_UNUSED_FUNCTION = YES;
				GCC_WARN_UNUSED_VARIABLE = YES;
				IPHONEOS_DEPLOYMENT_TARGET = 10.3;
				MTL_ENABLE_DEBUG_INFO = YES;
				ONLY_ACTIVE_ARCH = YES;
				SDKROOT = iphoneos;
				SWIFT_ACTIVE_COMPILATION_CONDITIONS = DEBUG;
				SWIFT_OPTIMIZATION_LEVEL = "-Onone";
				TARGETED_DEVICE_FAMILY = 2;
			};
			name = Debug;
		};
		DEACF1B41EB5DC4B00A443FA /* Release */ = {
			isa = XCBuildConfiguration;
			buildSettings = {
				ALWAYS_SEARCH_USER_PATHS = NO;
				CLANG_ANALYZER_NONNULL = YES;
				CLANG_ANALYZER_NUMBER_OBJECT_CONVERSION = YES_AGGRESSIVE;
				CLANG_CXX_LANGUAGE_STANDARD = "gnu++0x";
				CLANG_CXX_LIBRARY = "libc++";
				CLANG_ENABLE_MODULES = YES;
				CLANG_ENABLE_OBJC_ARC = YES;
				CLANG_WARN_BOOL_CONVERSION = YES;
				CLANG_WARN_CONSTANT_CONVERSION = YES;
				CLANG_WARN_DIRECT_OBJC_ISA_USAGE = YES_ERROR;
				CLANG_WARN_DOCUMENTATION_COMMENTS = YES;
				CLANG_WARN_EMPTY_BODY = YES;
				CLANG_WARN_ENUM_CONVERSION = YES;
				CLANG_WARN_INFINITE_RECURSION = YES;
				CLANG_WARN_INT_CONVERSION = YES;
				CLANG_WARN_OBJC_ROOT_CLASS = YES_ERROR;
				CLANG_WARN_SUSPICIOUS_MOVE = YES;
				CLANG_WARN_UNREACHABLE_CODE = YES;
				CLANG_WARN__DUPLICATE_METHOD_MATCH = YES;
				"CODE_SIGN_IDENTITY[sdk=iphoneos*]" = "iPhone Developer";
				COPY_PHASE_STRIP = NO;
				DEBUG_INFORMATION_FORMAT = "dwarf-with-dsym";
				ENABLE_NS_ASSERTIONS = NO;
				ENABLE_STRICT_OBJC_MSGSEND = YES;
				GCC_C_LANGUAGE_STANDARD = gnu99;
				GCC_NO_COMMON_BLOCKS = YES;
				GCC_WARN_64_TO_32_BIT_CONVERSION = YES;
				GCC_WARN_ABOUT_RETURN_TYPE = YES_ERROR;
				GCC_WARN_UNDECLARED_SELECTOR = YES;
				GCC_WARN_UNINITIALIZED_AUTOS = YES_AGGRESSIVE;
				GCC_WARN_UNUSED_FUNCTION = YES;
				GCC_WARN_UNUSED_VARIABLE = YES;
				IPHONEOS_DEPLOYMENT_TARGET = 10.3;
				MTL_ENABLE_DEBUG_INFO = NO;
				SDKROOT = iphoneos;
				SWIFT_OPTIMIZATION_LEVEL = "-Owholemodule";
				TARGETED_DEVICE_FAMILY = 2;
				VALIDATE_PRODUCT = YES;
			};
			name = Release;
		};
		DEACF1B61EB5DC4B00A443FA /* Debug */ = {
			isa = XCBuildConfiguration;
			buildSettings = {
				ASSETCATALOG_COMPILER_APPICON_NAME = AppIcon;
				DEVELOPMENT_TEAM = AVPMPLZ7TS;
				INFOPLIST_FILE = pddNew/Info.plist;
				LD_RUNPATH_SEARCH_PATHS = "$(inherited) @executable_path/Frameworks";
				PRODUCT_BUNDLE_IDENTIFIER = Yumster.pddNew;
				PRODUCT_NAME = "$(TARGET_NAME)";
				SWIFT_VERSION = 3.0;
			};
			name = Debug;
		};
		DEACF1B71EB5DC4B00A443FA /* Release */ = {
			isa = XCBuildConfiguration;
			buildSettings = {
				ASSETCATALOG_COMPILER_APPICON_NAME = AppIcon;
				DEVELOPMENT_TEAM = AVPMPLZ7TS;
				INFOPLIST_FILE = pddNew/Info.plist;
				LD_RUNPATH_SEARCH_PATHS = "$(inherited) @executable_path/Frameworks";
				PRODUCT_BUNDLE_IDENTIFIER = Yumster.pddNew;
				PRODUCT_NAME = "$(TARGET_NAME)";
				SWIFT_VERSION = 3.0;
			};
			name = Release;
		};
/* End XCBuildConfiguration section */

/* Begin XCConfigurationList section */
		DEACF19E1EB5DC4B00A443FA /* Build configuration list for PBXProject "pddNew" */ = {
			isa = XCConfigurationList;
			buildConfigurations = (
				DEACF1B31EB5DC4B00A443FA /* Debug */,
				DEACF1B41EB5DC4B00A443FA /* Release */,
			);
			defaultConfigurationIsVisible = 0;
			defaultConfigurationName = Release;
		};
		DEACF1B51EB5DC4B00A443FA /* Build configuration list for PBXNativeTarget "pddNew" */ = {
			isa = XCConfigurationList;
			buildConfigurations = (
				DEACF1B61EB5DC4B00A443FA /* Debug */,
				DEACF1B71EB5DC4B00A443FA /* Release */,
			);
			defaultConfigurationIsVisible = 0;
			defaultConfigurationName = Release;
		};
/* End XCConfigurationList section */
	};
	rootObject = DEACF19B1EB5DC4B00A443FA /* Project object */;
}
